Microsoft Visual Studio Solution File, Format Version 12.00
# Visual Studio Version 17
VisualStudioVersion = 17.5.2.0
MinimumVisualStudioVersion = 10.0.40219.1
Project("{FAE04EC0-301F-11D3-BF4B-00C04F79EFBC}") = "StringChallenge", "StringChallenge.csproj", "{848167BB-66E6-F9AA-70DA-3C7F3D09FB29}"
EndProject
Global
	GlobalSection(SolutionConfigurationPlatforms) = preSolution
		Debug|Any CPU = Debug|Any CPU
		Release|Any CPU = Release|Any CPU
	EndGlobalSection
	GlobalSection(ProjectConfigurationPlatforms) = postSolution
		{848167BB-66E6-F9AA-70DA-3C7F3D09FB29}.Debug|Any CPU.ActiveCfg = Debug|Any CPU
		{848167BB-66E6-F9AA-70DA-3C7F3D09FB29}.Debug|Any CPU.Build.0 = Debug|Any CPU
		{848167BB-66E6-F9AA-70DA-3C7F3D09FB29}.Release|Any CPU.ActiveCfg = Release|Any CPU
		{848167BB-66E6-F9AA-70DA-3C7F3D09FB29}.Release|Any CPU.Build.0 = Release|Any CPU
	EndGlobalSection
	GlobalSection(SolutionProperties) = preSolution
		HideSolutionNode = FALSE
	EndGlobalSection
	GlobalSection(ExtensibilityGlobals) = postSolution
		SolutionGuid = {B340775C-7441-42F0-8925-6F32E8D0D89C}
	EndGlobalSection
EndGlobal
